
Microsoft Visual Studio Solution File, Format Version 12.00
# Visual Studio 15
VisualStudioVersion = 15.0.28307.1300
MinimumVisualStudioVersion = 10.0.40219.1
Project("{F184B08F-C81C-45F6-A57F-5ABD9991F28F}") = "LightWineCake", "LightWine Cake\LightWineCake.vbproj", "{8B94EC7A-10DE-4590-9076-E3E5391377CC}"
EndProject
Global
	GlobalSection(SolutionConfigurationPlatforms) = preSolution
		Debug|Any CPU = Debug|Any CPU
		Release|Any CPU = Release|Any CPU
	EndGlobalSection
	GlobalSection(ProjectConfigurationPlatforms) = postSolution
		{8B94EC7A-10DE-4590-9076-E3E5391377CC}.Debug|Any CPU.ActiveCfg = Debug|Any CPU
		{8B94EC7A-10DE-4590-9076-E3E5391377CC}.Debug|Any CPU.Build.0 = Debug|Any CPU
		{8B94EC7A-10DE-4590-9076-E3E5391377CC}.Release|Any CPU.ActiveCfg = Release|Any CPU
		{8B94EC7A-10DE-4590-9076-E3E5391377CC}.Release|Any CPU.Build.0 = Release|Any CPU
	EndGlobalSection
	GlobalSection(SolutionProperties) = preSolution
		HideSolutionNode = FALSE
	EndGlobalSection
	GlobalSection(ExtensibilityGlobals) = postSolution
		SolutionGuid = {5D943A6C-89F2-4491-A6F1-7C760E1A66DD}
	EndGlobalSection
EndGlobal
